{
  "nodes": {
    "flake-parts": {
      "inputs": {
        "nixpkgs-lib": "nixpkgs-lib"
      },
      "locked": {
        "lastModified": 1765835352,
        "narHash": "sha256-XswHlK/Qtjasvhd1nOa1e8MgZ8GS//jBoTqWtrS1Giw=",
        "owner": "hercules-ci",
        "repo": "flake-parts",
        "rev": "a34fae9c08a15ad73f295041fec82323541400a9",
        "type": "github"
      },
      "original": {
        "owner": "hercules-ci",
        "repo": "flake-parts",
        "type": "github"
      }
    },
    "flake-utils": {
      "inputs": {
        "systems": "systems"
      },
      "locked": {
        "lastModified": 1731533236,
        "narHash": "sha256-l0KFg5HjrsfsO/JpG+r7fRrqm12kzFHyUHqHCVpMMbI=",
        "owner": "numtide",
        "repo": "flake-utils",
        "rev": "11707dc2f618dd54ca8739b309ec4fc024de578b",
        "type": "github"
      },
      "original": {
        "owner": "numtide",
        "repo": "flake-utils",
        "type": "github"
      }
    },
    "gepetto": {
      "inputs": {
        "flake-parts": "flake-parts",
        "nix-ros-overlay": "nix-ros-overlay",
        "nix-system-graphics": "nix-system-graphics",
        "nixpkgs": [
          "gepetto",
          "nix-ros-overlay",
          "nixpkgs"
        ],
        "src-agimus-controller": "src-agimus-controller",
        "src-agimus-msgs": "src-agimus-msgs",
        "src-franka-description": "src-franka-description",
        "src-odri-control-interface": "src-odri-control-interface",
        "src-odri-masterboard-sdk": "src-odri-masterboard-sdk",
        "system-manager": "system-manager",
        "systems": [
          "gepetto",
          "nix-ros-overlay",
          "flake-utils",
          "systems"
        ],
        "treefmt-nix": "treefmt-nix"
      },
      "locked": {
        "lastModified": 1767051375,
        "narHash": "sha256-1q+JD4FhqJ0L+sEMS7VTBXB1WqBdTd4DHKwonnsh9rU=",
        "owner": "gepetto",
        "repo": "nix",
        "rev": "35d2fb30fd68c0150781d25f23c1a5135cd6f760",
        "type": "github"
      },
      "original": {
        "owner": "gepetto",
        "repo": "nix",
        "type": "github"
      }
    },
    "nix-ros-overlay": {
      "inputs": {
        "flake-utils": "flake-utils",
        "nixpkgs": "nixpkgs"
      },
      "locked": {
        "lastModified": 1766445123,
        "narHash": "sha256-zJjXlBB8EP6iL3MJUOHa67DuGgLkexPcY3oPd/mh3lg=",
        "owner": "lopsided98",
        "repo": "nix-ros-overlay",
        "rev": "6c9921c5317aaab30a7456232c67875d501d5995",
        "type": "github"
      },
      "original": {
        "owner": "lopsided98",
        "ref": "develop",
        "repo": "nix-ros-overlay",
        "type": "github"
      }
    },
    "nix-system-graphics": {
      "inputs": {
        "nixpkgs": [
          "gepetto",
          "nixpkgs"
        ]
      },
      "locked": {
        "lastModified": 1763296639,
        "narHash": "sha256-K9JBscC7ApwCnl0wR0sVkxrKFsoDYVqXN5fOujvyBWA=",
        "owner": "soupglasses",
        "repo": "nix-system-graphics",
        "rev": "ac37f0f3ec0cb15d63a520918433c794d01d9dac",
        "type": "github"
      },
      "original": {
        "owner": "soupglasses",
        "repo": "nix-system-graphics",
        "type": "github"
      }
    },
    "nixpkgs": {
      "locked": {
        "lastModified": 1759381078,
        "narHash": "sha256-gTrEEp5gEspIcCOx9PD8kMaF1iEmfBcTbO0Jag2QhQs=",
        "owner": "NixOS",
        "repo": "nixpkgs",
        "rev": "7df7ff7d8e00218376575f0acdcc5d66741351ee",
        "type": "github"
      },
      "original": {
        "owner": "lopsided98",
        "ref": "nix-ros",
        "repo": "nixpkgs",
        "type": "github"
      }
    },
    "nixpkgs-lib": {
      "locked": {
        "lastModified": 1765674936,
        "narHash": "sha256-k00uTP4JNfmejrCLJOwdObYC9jHRrr/5M/a/8L2EIdo=",
        "owner": "nix-community",
        "repo": "nixpkgs.lib",
        "rev": "2075416fcb47225d9b68ac469a5c4801a9c4dd85",
        "type": "github"
      },
      "original": {
        "owner": "nix-community",
        "repo": "nixpkgs.lib",
        "type": "github"
      }
    },
    "root": {
      "inputs": {
        "flake-parts": [
          "gepetto",
          "flake-parts"
        ],
        "gepetto": "gepetto",
        "nix-ros-overlay": [
          "gepetto",
          "nix-ros-overlay"
        ],
        "nixpkgs": [
          "gepetto",
          "nixpkgs"
        ],
        "systems": [
          "gepetto",
          "systems"
        ],
        "treefmt-nix": [
          "gepetto",
          "treefmt-nix"
        ]
      }
    },
    "src-agimus-controller": {
      "flake": false,
      "locked": {
        "lastModified": 1765937017,
        "narHash": "sha256-aAURRGwKom7pssu48I1io8giykUMNftNGTv72YIH5n8=",
        "owner": "agimus-project",
        "repo": "agimus_controller",
        "rev": "5ef41cd0a64feeaafdb7bdebe0f0308fa07bf734",
        "type": "github"
      },
      "original": {
        "owner": "agimus-project",
        "repo": "agimus_controller",
        "type": "github"
      }
    },
    "src-agimus-msgs": {
      "flake": false,
      "locked": {
        "lastModified": 1765264905,
        "narHash": "sha256-2gQvYu5mQRvD2SxIqdRCu2bGJaDzY9IIK9zASuGxJNk=",
        "owner": "agimus-project",
        "repo": "agimus_msgs",
        "rev": "c9cfe532018f9364f3912e9907be5d79e738e0cf",
        "type": "github"
      },
      "original": {
        "owner": "agimus-project",
        "repo": "agimus_msgs",
        "type": "github"
      }
    },
    "src-franka-description": {
      "flake": false,
      "locked": {
        "lastModified": 1765937047,
        "narHash": "sha256-mTIQJnQLZN3UMyPq7Btu6SYWv8JuXMSjdkzXbRdGEh4=",
        "owner": "agimus-project",
        "repo": "franka_description",
        "rev": "2bdc8da187040d2e85da9d5d302698ff30de3d11",
        "type": "github"
      },
      "original": {
        "owner": "agimus-project",
        "repo": "franka_description",
        "type": "github"
      }
    },
    "src-odri-control-interface": {
      "flake": false,
      "locked": {
        "lastModified": 1749138911,
        "narHash": "sha256-+x+1NxiTwyg5Pwd1oBUMG3Z+eIj+VtVIRFvdPpXStU8=",
        "owner": "gwennlbh",
        "repo": "odri_control_interface",
        "rev": "1137873714fd326fd3ab86cc5632bae72f965866",
        "type": "github"
      },
      "original": {
        "owner": "gwennlbh",
        "ref": "nix",
        "repo": "odri_control_interface",
        "type": "github"
      }
    },
    "src-odri-masterboard-sdk": {
      "flake": false,
      "locked": {
        "lastModified": 1749026399,
        "narHash": "sha256-0VhxOdC2cQwAJfAdHfeHovXrj9jrWb56F35rPN/u+eA=",
        "owner": "gwennlbh",
        "repo": "master-board",
        "rev": "facc7f954294523a0f4b8389ac89fabad4c536db",
        "type": "github"
      },
      "original": {
        "owner": "gwennlbh",
        "ref": "nix",
        "repo": "master-board",
        "type": "github"
      }
    },
    "system-manager": {
      "inputs": {
        "nixpkgs": [
          "gepetto",
          "nixpkgs"
        ]
      },
      "locked": {
        "lastModified": 1766013091,
        "narHash": "sha256-qFKkS3kz8gzQ1hjFeXYINOOGNHeYSmsa5Nj1Xs4rAec=",
        "owner": "numtide",
        "repo": "system-manager",
        "rev": "bd3e4193c2bde18329e314b896b8e0ac8e17debd",
        "type": "github"
      },
      "original": {
        "owner": "numtide",
        "repo": "system-manager",
        "type": "github"
      }
    },
    "systems": {
      "locked": {
        "lastModified": 1681028828,
        "narHash": "sha256-Vy1rq5AaRuLzOxct8nz4T6wlgyUR7zLU309k9mBC768=",
        "owner": "nix-systems",
        "repo": "default",
        "rev": "da67096a3b9bf56a91d16901293e51ba5b49a27e",
        "type": "github"
      },
      "original": {
        "owner": "nix-systems",
        "repo": "default",
        "type": "github"
      }
    },
    "treefmt-nix": {
      "inputs": {
        "nixpkgs": [
          "gepetto",
          "nixpkgs"
        ]
      },
      "locked": {
        "lastModified": 1766000401,
        "narHash": "sha256-+cqN4PJz9y0JQXfAK5J1drd0U05D5fcAGhzhfVrDlsI=",
        "owner": "numtide",
        "repo": "treefmt-nix",
        "rev": "42d96e75aa56a3f70cab7e7dc4a32868db28e8fd",
        "type": "github"
      },
      "original": {
        "owner": "numtide",
        "repo": "treefmt-nix",
        "type": "github"
      }
    }
  },
  "root": "root",
  "version": 7
}
